// !$*UTF8*$!
{
	archiveVersion = 1;
	classes = {
	};
	objectVersion = 46;
	objects = {

/* Begin PBXBuildFile section */
		0DFCAF9215F4F406007A7808 /* UIKit.framework in Frameworks */ = {isa = PBXBuildFile; fileRef = 0DFCAF9115F4F406007A7808 /* UIKit.framework */; };
		0DFCAF9415F4F406007A7808 /* Foundation.framework in Frameworks */ = {isa = PBXBuildFile; fileRef = 0DFCAF9315F4F406007A7808 /* Foundation.framework */; };
		0DFCAF9615F4F406007A7808 /* CoreGraphics.framework in Frameworks */ = {isa = PBXBuildFile; fileRef = 0DFCAF9515F4F406007A7808 /* CoreGraphics.framework */; };
		0DFCAF9C15F4F406007A7808 /* InfoPlist.strings in Resources */ = {isa = PBXBuildFile; fileRef = 0DFCAF9A15F4F406007A7808 /* InfoPlist.strings */; };
		0DFCAF9E15F4F406007A7808 /* main.m in Sources */ = {isa = PBXBuildFile; fileRef = 0DFCAF9D15F4F406007A7808 /* main.m */; };
		0DFCAFA215F4F406007A7808 /* IRAppDelegate.m in Sources */ = {isa = PBXBuildFile; fileRef = 0DFCAFA115F4F406007A7808 /* IRAppDelegate.m */; };
/* End PBXBuildFile section */

/* Begin PBXFileReference section */
		0DFCAF8D15F4F406007A7808 /* Image Cropper.app */ = {isa = PBXFileReference; explicitFileType = wrapper.application; includeInIndex = 0; path = "Image Cropper.app"; sourceTree = BUILT_PRODUCTS_DIR; };
		0DFCAF9115F4F406007A7808 /* UIKit.framework */ = {isa = PBXFileReference; lastKnownFileType = wrapper.framework; name = UIKit.framework; path = System/Library/Frameworks/UIKit.framework; sourceTree = SDKROOT; };
		0DFCAF9315F4F406007A7808 /* Foundation.framework */ = {isa = PBXFileReference; lastKnownFileType = wrapper.framework; name = Foundation.framework; path = System/Library/Frameworks/Foundation.framework; sourceTree = SDKROOT; };
		0DFCAF9515F4F406007A7808 /* CoreGraphics.framework */ = {isa = PBXFileReference; lastKnownFileType = wrapper.framework; name = CoreGraphics.framework; path = System/Library/Frameworks/CoreGraphics.framework; sourceTree = SDKROOT; };
		0DFCAF9915F4F406007A7808 /* Image Cropper-Info.plist */ = {isa = PBXFileReference; lastKnownFileType = text.plist.xml; path = "Image Cropper-Info.plist"; sourceTree = "<group>"; };
		0DFCAF9B15F4F406007A7808 /* en */ = {isa = PBXFileReference; lastKnownFileType = text.plist.strings; name = en; path = en.lproj/InfoPlist.strings; sourceTree = "<group>"; };
		0DFCAF9D15F4F406007A7808 /* main.m */ = {isa = PBXFileReference; lastKnownFileType = sourcecode.c.objc; path = main.m; sourceTree = "<group>"; };
		0DFCAF9F15F4F406007A7808 /* Image Cropper-Prefix.pch */ = {isa = PBXFileReference; lastKnownFileType = sourcecode.c.h; path = "Image Cropper-Prefix.pch"; sourceTree = "<group>"; };
		0DFCAFA015F4F406007A7808 /* IRAppDelegate.h */ = {isa = PBXFileReference; lastKnownFileType = sourcecode.c.h; path = IRAppDelegate.h; sourceTree = "<group>"; };
		0DFCAFA115F4F406007A7808 /* IRAppDelegate.m */ = {isa = PBXFileReference; lastKnownFileType = sourcecode.c.objc; path = IRAppDelegate.m; sourceTree = "<group>"; };
/* End PBXFileReference section */

/* Begin PBXFrameworksBuildPhase section */
		0DFCAF8A15F4F406007A7808 /* Frameworks */ = {
			isa = PBXFrameworksBuildPhase;
			buildActionMask = 2147483647;
			files = (
				0DFCAF9215F4F406007A7808 /* UIKit.framework in Frameworks */,
				0DFCAF9415F4F406007A7808 /* Foundation.framework in Frameworks */,
				0DFCAF9615F4F406007A7808 /* CoreGraphics.framework in Frameworks */,
			);
			runOnlyForDeploymentPostprocessing = 0;
		};
/* End PBXFrameworksBuildPhase section */

/* Begin PBXGroup section */
		0DFCAF8215F4F405007A7808 = {
			isa = PBXGroup;
			children = (
				0DFCAF9715F4F406007A7808 /* Image Cropper */,
				0DFCAF9015F4F406007A7808 /* Frameworks */,
				0DFCAF8E15F4F406007A7808 /* Products */,
			);
			sourceTree = "<group>";
		};
		0DFCAF8E15F4F406007A7808 /* Products */ = {
			isa = PBXGroup;
			children = (
				0DFCAF8D15F4F406007A7808 /* Image Cropper.app */,
			);
			name = Products;
			sourceTree = "<group>";
		};
		0DFCAF9015F4F406007A7808 /* Frameworks */ = {
			isa = PBXGroup;
			children = (
				0DFCAF9115F4F406007A7808 /* UIKit.framework */,
				0DFCAF9315F4F406007A7808 /* Foundation.framework */,
				0DFCAF9515F4F406007A7808 /* CoreGraphics.framework */,
			);
			name = Frameworks;
			sourceTree = "<group>";
		};
		0DFCAF9715F4F406007A7808 /* Image Cropper */ = {
			isa = PBXGroup;
			children = (
				0DFCAFA015F4F406007A7808 /* IRAppDelegate.h */,
				0DFCAFA115F4F406007A7808 /* IRAppDelegate.m */,
				0DFCAF9815F4F406007A7808 /* Supporting Files */,
			);
			path = "Image Cropper";
			sourceTree = "<group>";
		};
		0DFCAF9815F4F406007A7808 /* Supporting Files */ = {
			isa = PBXGroup;
			children = (
				0DFCAF9915F4F406007A7808 /* Image Cropper-Info.plist */,
				0DFCAF9A15F4F406007A7808 /* InfoPlist.strings */,
				0DFCAF9D15F4F406007A7808 /* main.m */,
				0DFCAF9F15F4F406007A7808 /* Image Cropper-Prefix.pch */,
			);
			name = "Supporting Files";
			sourceTree = "<group>";
		};
/* End PBXGroup section */

/* Begin PBXNativeTarget section */
		0DFCAF8C15F4F406007A7808 /* Image Cropper */ = {
			isa = PBXNativeTarget;
			buildConfigurationList = 0DFCAFA515F4F406007A7808 /* Build configuration list for PBXNativeTarget "Image Cropper" */;
			buildPhases = (
				0DFCAF8915F4F406007A7808 /* Sources */,
				0DFCAF8A15F4F406007A7808 /* Frameworks */,
				0DFCAF8B15F4F406007A7808 /* Resources */,
			);
			buildRules = (
			);
			dependencies = (
			);
			name = "Image Cropper";
			productName = "Image Cropper";
			productReference = 0DFCAF8D15F4F406007A7808 /* Image Cropper.app */;
			productType = "com.apple.product-type.application";
		};
/* End PBXNativeTarget section */

/* Begin PBXProject section */
		0DFCAF8415F4F406007A7808 /* Project object */ = {
			isa = PBXProject;
			attributes = {
				CLASSPREFIX = IR;
				LastUpgradeCheck = 0440;
				ORGANIZATIONNAME = "Igor Rubanau";
			};
			buildConfigurationList = 0DFCAF8715F4F406007A7808 /* Build configuration list for PBXProject "Image Cropper" */;
			compatibilityVersion = "Xcode 3.2";
			developmentRegion = English;
			hasScannedForEncodings = 0;
			knownRegions = (
				en,
			);
			mainGroup = 0DFCAF8215F4F405007A7808;
			productRefGroup = 0DFCAF8E15F4F406007A7808 /* Products */;
			projectDirPath = "";
			projectRoot = "";
			targets = (
				0DFCAF8C15F4F406007A7808 /* Image Cropper */,
			);
		};
/* End PBXProject section */

/* Begin PBXResourcesBuildPhase section */
		0DFCAF8B15F4F406007A7808 /* Resources */ = {
			isa = PBXResourcesBuildPhase;
			buildActionMask = 2147483647;
			files = (
				0DFCAF9C15F4F406007A7808 /* InfoPlist.strings in Resources */,
			);
			runOnlyForDeploymentPostprocessing = 0;
		};
/* End PBXResourcesBuildPhase section */

/* Begin PBXSourcesBuildPhase section */
		0DFCAF8915F4F406007A7808 /* Sources */ = {
			isa = PBXSourcesBuildPhase;
			buildActionMask = 2147483647;
			files = (
				0DFCAF9E15F4F406007A7808 /* main.m in Sources */,
				0DFCAFA215F4F406007A7808 /* IRAppDelegate.m in Sources */,
			);
			runOnlyForDeploymentPostprocessing = 0;
		};
/* End PBXSourcesBuildPhase section */

/* Begin PBXVariantGroup section */
		0DFCAF9A15F4F406007A7808 /* InfoPlist.strings */ = {
			isa = PBXVariantGroup;
			children = (
				0DFCAF9B15F4F406007A7808 /* en */,
			);
			name = InfoPlist.strings;
			sourceTree = "<group>";
		};
/* End PBXVariantGroup section */

/* Begin XCBuildConfiguration section */
		0DFCAFA315F4F406007A7808 /* Debug */ = {
			isa = XCBuildConfiguration;
			buildSettings = {
				ALWAYS_SEARCH_USER_PATHS = NO;
				ARCHS = "$(ARCHS_STANDARD_32_BIT)";
				CLANG_CXX_LANGUAGE_STANDARD = "gnu++0x";
				CLANG_WARN__DUPLICATE_METHOD_MATCH = YES;
				"CODE_SIGN_IDENTITY[sdk=iphoneos*]" = "iPhone Developer";
				COPY_PHASE_STRIP = NO;
				GCC_C_LANGUAGE_STANDARD = gnu99;
				GCC_DYNAMIC_NO_PIC = NO;
				GCC_OPTIMIZATION_LEVEL = 0;
				GCC_PREPROCESSOR_DEFINITIONS = (
					"DEBUG=1",
					"$(inherited)",
				);
				GCC_SYMBOLS_PRIVATE_EXTERN = NO;
				GCC_VERSION = com.apple.compilers.llvm.clang.1_0;
				GCC_WARN_ABOUT_RETURN_TYPE = YES;
				GCC_WARN_UNINITIALIZED_AUTOS = YES;
				GCC_WARN_UNUSED_VARIABLE = YES;
				IPHONEOS_DEPLOYMENT_TARGET = 5.1;
				SDKROOT = iphoneos;
				TARGETED_DEVICE_FAMILY = 2;
			};
			name = Debug;
		};
		0DFCAFA415F4F406007A7808 /* Release */ = {
			isa = XCBuildConfiguration;
			buildSettings = {
				ALWAYS_SEARCH_USER_PATHS = NO;
				ARCHS = "$(ARCHS_STANDARD_32_BIT)";
				CLANG_CXX_LANGUAGE_STANDARD = "gnu++0x";
				CLANG_WARN__DUPLICATE_METHOD_MATCH = YES;
				"CODE_SIGN_IDENTITY[sdk=iphoneos*]" = "iPhone Developer";
				COPY_PHASE_STRIP = YES;
				GCC_C_LANGUAGE_STANDARD = gnu99;
				GCC_VERSION = com.apple.compilers.llvm.clang.1_0;
				GCC_WARN_ABOUT_RETURN_TYPE = YES;
				GCC_WARN_UNINITIALIZED_AUTOS = YES;
				GCC_WARN_UNUSED_VARIABLE = YES;
				IPHONEOS_DEPLOYMENT_TARGET = 5.1;
				OTHER_CFLAGS = "-DNS_BLOCK_ASSERTIONS=1";
				SDKROOT = iphoneos;
				TARGETED_DEVICE_FAMILY = 2;
				VALIDATE_PRODUCT = YES;
			};
			name = Release;
		};
		0DFCAFA615F4F406007A7808 /* Debug */ = {
			isa = XCBuildConfiguration;
			buildSettings = {
				GCC_PRECOMPILE_PREFIX_HEADER = YES;
				GCC_PREFIX_HEADER = "Image Cropper/Image Cropper-Prefix.pch";
				INFOPLIST_FILE = "Image Cropper/Image Cropper-Info.plist";
				PRODUCT_NAME = "$(TARGET_NAME)";
				WRAPPER_EXTENSION = app;
			};
			name = Debug;
		};
		0DFCAFA715F4F406007A7808 /* Release */ = {
			isa = XCBuildConfiguration;
			buildSettings = {
				GCC_PRECOMPILE_PREFIX_HEADER = YES;
				GCC_PREFIX_HEADER = "Image Cropper/Image Cropper-Prefix.pch";
				INFOPLIST_FILE = "Image Cropper/Image Cropper-Info.plist";
				PRODUCT_NAME = "$(TARGET_NAME)";
				WRAPPER_EXTENSION = app;
			};
			name = Release;
		};
/* End XCBuildConfiguration section */

/* Begin XCConfigurationList section */
		0DFCAF8715F4F406007A7808 /* Build configuration list for PBXProject "Image Cropper" */ = {
			isa = XCConfigurationList;
			buildConfigurations = (
				0DFCAFA315F4F406007A7808 /* Debug */,
				0DFCAFA415F4F406007A7808 /* Release */,
			);
			defaultConfigurationIsVisible = 0;
			defaultConfigurationName = Release;
		};
		0DFCAFA515F4F406007A7808 /* Build configuration list for PBXNativeTarget "Image Cropper" */ = {
			isa = XCConfigurationList;
			buildConfigurations = (
				0DFCAFA615F4F406007A7808 /* Debug */,
				0DFCAFA715F4F406007A7808 /* Release */,
			);
			defaultConfigurationIsVisible = 0;
		};
/* End XCConfigurationList section */
	};
	rootObject = 0DFCAF8415F4F406007A7808 /* Project object */;
}
